
Microsoft Visual Studio Solution File, Format Version 12.00
# Visual Studio 2013
VisualStudioVersion = 12.0.31101.0
MinimumVisualStudioVersion = 10.0.40219.1
Project("{FAE04EC0-301F-11D3-BF4B-00C04F79EFBC}") = "BusWeb.UI", "BusWeb.UI\BusWeb.UI.csproj", "{AB8DE3C7-2304-4502-AB6D-2FB53B8A62EB}"
EndProject
Project("{FAE04EC0-301F-11D3-BF4B-00C04F79EFBC}") = "BusWeb.Data", "BusWeb.Data\BusWeb.Data.csproj", "{6876CC20-2506-456A-B92C-5036EB5750BA}"
EndProject
Project("{FAE04EC0-301F-11D3-BF4B-00C04F79EFBC}") = "BusWeb.Core", "BusWeb.Core\BusWeb.Core.csproj", "{7DF14EB4-B071-4798-8619-E72CA94891D6}"
EndProject
Global
	GlobalSection(SolutionConfigurationPlatforms) = preSolution
		Debug|Any CPU = Debug|Any CPU
		Release|Any CPU = Release|Any CPU
	EndGlobalSection
	GlobalSection(ProjectConfigurationPlatforms) = postSolution
		{AB8DE3C7-2304-4502-AB6D-2FB53B8A62EB}.Debug|Any CPU.ActiveCfg = Debug|Any CPU
		{AB8DE3C7-2304-4502-AB6D-2FB53B8A62EB}.Debug|Any CPU.Build.0 = Debug|Any CPU
		{AB8DE3C7-2304-4502-AB6D-2FB53B8A62EB}.Release|Any CPU.ActiveCfg = Release|Any CPU
		{AB8DE3C7-2304-4502-AB6D-2FB53B8A62EB}.Release|Any CPU.Build.0 = Release|Any CPU
		{6876CC20-2506-456A-B92C-5036EB5750BA}.Debug|Any CPU.ActiveCfg = Debug|Any CPU
		{6876CC20-2506-456A-B92C-5036EB5750BA}.Debug|Any CPU.Build.0 = Debug|Any CPU
		{6876CC20-2506-456A-B92C-5036EB5750BA}.Release|Any CPU.ActiveCfg = Release|Any CPU
		{6876CC20-2506-456A-B92C-5036EB5750BA}.Release|Any CPU.Build.0 = Release|Any CPU
		{7DF14EB4-B071-4798-8619-E72CA94891D6}.Debug|Any CPU.ActiveCfg = Debug|Any CPU
		{7DF14EB4-B071-4798-8619-E72CA94891D6}.Debug|Any CPU.Build.0 = Debug|Any CPU
		{7DF14EB4-B071-4798-8619-E72CA94891D6}.Release|Any CPU.ActiveCfg = Release|Any CPU
		{7DF14EB4-B071-4798-8619-E72CA94891D6}.Release|Any CPU.Build.0 = Release|Any CPU
	EndGlobalSection
	GlobalSection(SolutionProperties) = preSolution
		HideSolutionNode = FALSE
	EndGlobalSection
EndGlobal
